
Microsoft Visual Studio Solution File, Format Version 12.00
# Visual Studio Version 17
VisualStudioVersion = 17.9.34714.143
MinimumVisualStudioVersion = 10.0.40219.1
Project("{FAE04EC0-301F-11D3-BF4B-00C04F79EFBC}") = "WPF_09", "WPF_09\WPF_09.csproj", "{0023CF0D-5A50-4BF7-A61A-83C562E2D735}"
EndProject
Global
	GlobalSection(SolutionConfigurationPlatforms) = preSolution
		Debug|Any CPU = Debug|Any CPU
		Release|Any CPU = Release|Any CPU
	EndGlobalSection
	GlobalSection(ProjectConfigurationPlatforms) = postSolution
		{0023CF0D-5A50-4BF7-A61A-83C562E2D735}.Debug|Any CPU.ActiveCfg = Debug|Any CPU
		{0023CF0D-5A50-4BF7-A61A-83C562E2D735}.Debug|Any CPU.Build.0 = Debug|Any CPU
		{0023CF0D-5A50-4BF7-A61A-83C562E2D735}.Release|Any CPU.ActiveCfg = Release|Any CPU
		{0023CF0D-5A50-4BF7-A61A-83C562E2D735}.Release|Any CPU.Build.0 = Release|Any CPU
	EndGlobalSection
	GlobalSection(SolutionProperties) = preSolution
		HideSolutionNode = FALSE
	EndGlobalSection
	GlobalSection(ExtensibilityGlobals) = postSolution
		SolutionGuid = {6D149859-B9C6-428C-B3D9-5B0FDEB74F38}
	EndGlobalSection
EndGlobal
